# This file is autogenerated, do not edit; changes may be undone by the next 'dep ensure'.


[[projects]]
  branch = "master"
  digest = "1:c7be8fc6d3e6d01dc3e3058b8dd0e2593d5877086f549f0fba4051b772982ed1"
  name = "github.com/dvyukov/go-fuzz"
  packages = [
    "go-fuzz",
    "go-fuzz-build",
    "go-fuzz-defs",
    "go-fuzz/versifier",
  ]
  pruneopts = "UT"
  revision = "4aff8368ef1910b258081d1fea6d73090e2e1968"

[[projects]]
  digest = "1:f4f6279cb37479954644babd8f8ef00584ff9fa63555d2c6718c1c3517170202"
  name = "github.com/elazarl/go-bindata-assetfs"
  packages = ["."]
  pruneopts = "UT"
  revision = "30f82fa23fd844bd5bb1e5f216db87fd77b5eb43"
  version = "v1.0.0"

[[projects]]
  branch = "master"
  digest = "1:174ca996efe56fbba6d8874b4f91a109b35d962d6d16b505470250a01720c663"
  name = "github.com/influxdata/flux"
  packages = [
    ".",
    "ast",
    "interpreter",
    "iocounter",
    "parser",
    "semantic",
    "values",
  ]
  pruneopts = "UT"
  revision = "1335e4da35f656455ff6b3409fb1ee26d06463b3"

[[projects]]
  digest = "1:d4d60a22dc6c84bf1f8d2991cddcb98fb25f433f8a856fb6888fc21885998a13"
  name = "github.com/mna/pigeon"
  packages = [
    ".",
    "ast",
    "builder",
  ]
  pruneopts = "UT"
  revision = "9df264905d4734c0133161d8c67828ff522b154a"
  version = "v1.0.0"

[[projects]]
  digest = "1:9d7b1f07e44cada28e6160cb0a808ad2f71f32bd7114793fb0baa302db0e6229"
  name = "github.com/opentracing/opentracing-go"
  packages = [
    ".",
    "log",
  ]
  pruneopts = "UT"
  revision = "1949ddbfd147afd4d964a9f00b24eb291e0e7c38"
  version = "v1.0.2"

[[projects]]
  digest = "1:40e195917a951a8bf867cd05de2a46aaf1806c50cf92eebf4c16f78cd196f747"
  name = "github.com/pkg/errors"
  packages = ["."]
  pruneopts = "UT"
  revision = "645ef00459ed84a119197bfb8d8205042c6df63d"
  version = "v0.8.0"

[[projects]]
  branch = "master"
  digest = "1:923066e5b2234a496ae6340adecf12871be725798dbfe45ae2223afc1c4d4a7c"
  name = "github.com/stephens2424/writerset"
  packages = ["."]
  pruneopts = "UT"
  revision = "fe01f9c9e73f38ce4c577d53f4098946646971f2"

[[projects]]
  branch = "master"
  digest = "1:76ee51c3f468493aff39dbacc401e8831fbb765104cbf613b89bef01cf4bad70"
  name = "golang.org/x/net"
  packages = ["context"]
  pruneopts = "UT"
  revision = "26e67e76b6c3f6ce91f7c52def5af501b4e0f3a2"

[solve-meta]
  analyzer-name = "dep"
  analyzer-version = 1
  input-imports = [
    "github.com/dvyukov/go-fuzz/go-fuzz",
    "github.com/dvyukov/go-fuzz/go-fuzz-build",
    "github.com/influxdata/flux",
    "github.com/influxdata/flux/ast",
    "github.com/influxdata/flux/parser",
  ]
  solver-name = "gps-cdcl"
  solver-version = 1
