# This file is autogenerated, do not edit; changes may be undone by the next 'dep ensure'.


[[projects]]
  branch = "master"
  digest = "1:c7be8fc6d3e6d01dc3e3058b8dd0e2593d5877086f549f0fba4051b772982ed1"
  name = "github.com/dvyukov/go-fuzz"
  packages = [
    "go-fuzz",
    "go-fuzz-build",
    "go-fuzz-defs",
    "go-fuzz/versifier",
  ]
  pruneopts = "UT"
  revision = "4aff8368ef1910b258081d1fea6d73090e2e1968"

[[projects]]
  digest = "1:f4f6279cb37479954644babd8f8ef00584ff9fa63555d2c6718c1c3517170202"
  name = "github.com/elazarl/go-bindata-assetfs"
  packages = ["."]
  pruneopts = "UT"
  revision = "30f82fa23fd844bd5bb1e5f216db87fd77b5eb43"
  version = "v1.0.0"

[[projects]]
  branch = "master"
  digest = "1:8b8bf32714672416808ee27dd357bba27644f0a05ec718cd8460acf35e4c13c8"
  name = "github.com/influxdata/flux"
  packages = [
    "ast",
    "parser",
  ]
  pruneopts = "UT"
  revision = "272ec9cad23d26d93339feca224ee1f9a29a21c4"

[[projects]]
  branch = "master"
  digest = "1:923066e5b2234a496ae6340adecf12871be725798dbfe45ae2223afc1c4d4a7c"
  name = "github.com/stephens2424/writerset"
  packages = ["."]
  pruneopts = "UT"
  revision = "fe01f9c9e73f38ce4c577d53f4098946646971f2"

[solve-meta]
  analyzer-name = "dep"
  analyzer-version = 1
  input-imports = [
    "github.com/dvyukov/go-fuzz/go-fuzz",
    "github.com/dvyukov/go-fuzz/go-fuzz-build",
    "github.com/influxdata/flux/parser",
  ]
  solver-name = "gps-cdcl"
  solver-version = 1
